
Microsoft Visual Studio Solution File, Format Version 12.00
# Visual Studio Version 16
VisualStudioVersion = 16.0.31729.503
MinimumVisualStudioVersion = 10.0.40219.1
Project("{FAE04EC0-301F-11D3-BF4B-00C04F79EFBC}") = "Plugins", "Plugins.csproj", "{D74B4EB6-D4C5-4202-877B-9E871EAC7A7F}"
EndProject
Global
	GlobalSection(SolutionConfigurationPlatforms) = preSolution
		Debug|Any CPU = Debug|Any CPU
		Release|Any CPU = Release|Any CPU
	EndGlobalSection
	GlobalSection(ProjectConfigurationPlatforms) = postSolution
		{D74B4EB6-D4C5-4202-877B-9E871EAC7A7F}.Debug|Any CPU.ActiveCfg = Debug|Any CPU
		{D74B4EB6-D4C5-4202-877B-9E871EAC7A7F}.Debug|Any CPU.Build.0 = Debug|Any CPU
		{D74B4EB6-D4C5-4202-877B-9E871EAC7A7F}.Release|Any CPU.ActiveCfg = Release|Any CPU
		{D74B4EB6-D4C5-4202-877B-9E871EAC7A7F}.Release|Any CPU.Build.0 = Release|Any CPU
	EndGlobalSection
	GlobalSection(SolutionProperties) = preSolution
		HideSolutionNode = FALSE
	EndGlobalSection
	GlobalSection(ExtensibilityGlobals) = postSolution
		SolutionGuid = {B756B68C-634E-4F4B-A22C-452E60A4F99C}
	EndGlobalSection
EndGlobal
